{
  "version": 1,
  "dependencies": {
    "net9.0-windows7.0": {
      "DalamudPackager": {
        "type": "Direct",
        "requested": "[12.0.0, )",
        "resolved": "12.0.0",
        "contentHash": "J5TJLV3f16T/E2H2P17ClWjtfEBPpq3yxvqW46eN36JCm6wR+EaoaYkqG9Rm5sHqs3/nK/vKjWWyvEs/jhKoXw=="
      },
      "DotNet.ReproducibleBuilds": {
        "type": "Direct",
        "requested": "[1.2.25, )",
        "resolved": "1.2.25",
        "contentHash": "xCXiw7BCxHJ8pF6wPepRUddlh2dlQlbr81gXA72hdk4FLHkKXas7EH/n+fk5UCA/YfMqG1Z6XaPiUjDbUNBUzg=="
      },
      "Microsoft.Web.WebView2": {
        "type": "Direct",
        "requested": "[1.0.2957.106, )",
        "resolved": "1.0.2957.106",
        "contentHash": "eHc2yKD//d1a6Razu6jl373RGKdzLhxDBk/wc/i//tC9+nEVXcO38pvjZwR2s0C34y+0trzKvbGHffrEx7vyVw=="
      },
      "SharedMemory": {
        "type": "Direct",
        "requested": "[2.3.2, )",
        "resolved": "2.3.2",
        "contentHash": "hH34Y9xzvdJpgf/vwyWE/zYlY4BdQS3Zolfdg+8hV9A+UQRsBWyBS62kcLO55mF4etmMoL0PswEbT3lVXJSlFw==",
        "dependencies": {
          "System.Reflection.Emit.Lightweight": "4.7.0"
        }
      },
      "System.Management": {
        "type": "Direct",
        "requested": "[9.0.0, )",
        "resolved": "9.0.0",
        "contentHash": "bVh4xAMI5grY5GZoklKcMBLirhC8Lqzp63Ft3zXJacwGAlLyFdF4k0qz4pnKIlO6HyL2Z4zqmHm9UkzEo6FFsA==",
        "dependencies": {
          "System.CodeDom": "9.0.0"
        }
      },
      "FlatSharp.Runtime": {
        "type": "Transitive",
        "resolved": "7.8.0",
        "contentHash": "9F0nIJxQA7Ka+uQjIPT/AxkaGH83bnaG1Avt9in+TWGCfDmvf1iQ7MQGvw7gcU3Tl/cdBalPk8zoDW1S8aMuCw==",
        "dependencies": {
          "System.Memory": "4.5.5"
        }
      },
      "System.CodeDom": {
        "type": "Transitive",
        "resolved": "9.0.0",
        "contentHash": "oTE5IfuMoET8yaZP/vdvy9xO47guAv/rOhe4DODuFBN3ySprcQOlXqO3j+e/H/YpKKR5sglrxRaZ2HYOhNJrqA=="
      },
      "System.Memory": {
        "type": "Transitive",
        "resolved": "4.5.5",
        "contentHash": "XIWiDvKPXaTveaB7HVganDlOCRoj03l+jrwNvcge/t8vhGYKvqV+dMv6G4SAX2NoNmN0wZfVPTAlFwZcZvVOUw=="
      },
      "System.Reflection.Emit.Lightweight": {
        "type": "Transitive",
        "resolved": "4.7.0",
        "contentHash": "a4OLB4IITxAXJeV74MDx49Oq2+PsF6Sml54XAFv+2RyWwtDBcabzoxiiJRhdhx+gaohLh4hEGCLQyBozXoQPqA=="
      },
      "pictomatic.common": {
        "type": "Project",
        "dependencies": {
          "DalamudPackager": "[12.0.0, )",
          "FlatSharp.Runtime": "[7.8.0, )",
          "SharedMemory": "[2.3.2, )"
        }
      }
    }
  }
}