{
  "version": 1,
  "dependencies": {
    "net10.0-windows7.0": {
      "DalamudPackager": {
        "type": "Direct",
        "requested": "[14.0.1, )",
        "resolved": "14.0.1",
        "contentHash": "y0WWyUE6dhpGdolK3iKgwys05/nZaVf4ZPtIjpLhJBZvHxkkiE23zYRo7K7uqAgoK/QvK5cqF6l3VG5AbgC6KA=="
      },
      "DotNet.ReproducibleBuilds": {
        "type": "Direct",
        "requested": "[1.2.39, )",
        "resolved": "1.2.39",
        "contentHash": "fcFN01tDTIQqDuTwr1jUQK/geofiwjG5DycJQOnC72i1SsLAk1ELe+apBOuZ11UMQG8YKFZG1FgvjZPbqHyatg=="
      },
      "Microsoft.Web.WebView2": {
        "type": "Direct",
        "requested": "[1.0.3650.58, )",
        "resolved": "1.0.3650.58",
        "contentHash": "BrfpVqOuWtW8yA/it365aB6K6H6EYCXjqJkX730UiO7weVsSYjUyKPFVY5WGa+IfRHqknh619uXHMYTOR4WFRw=="
      },
      "NAudio.Core": {
        "type": "Direct",
        "requested": "[2.2.1, )",
        "resolved": "2.2.1",
        "contentHash": "GgkdP6K/7FqXFo7uHvoqGZTJvW4z8g2IffhOO4JHaLzKCdDOUEzVKtveoZkCuUX8eV2HAINqi7VFqlFndrnz/g=="
      },
      "NAudio.Wasapi": {
        "type": "Direct",
        "requested": "[2.2.1, )",
        "resolved": "2.2.1",
        "contentHash": "lFfXoqacZZe0WqNChJgGYI+XV/n/61LzPHT3C1CJp4khoxeo2sziyX5wzNYWeCMNbsWxFvT3b3iXeY1UYjBhZw==",
        "dependencies": {
          "NAudio.Core": "2.2.1"
        }
      },
      "SharpDX": {
        "type": "Direct",
        "requested": "[4.2.0, )",
        "resolved": "4.2.0",
        "contentHash": "3pv0LFMvfK/dv1qISJnn8xBeeT6R/FRvr0EV4KI2DGsL84Qlv6P7isWqxGyU0LCwlSVCJN3jgHJ4Bl0KI2PJww==",
        "dependencies": {
          "NETStandard.Library": "1.6.1"
        }
      },
      "SharpDX.Direct3D11": {
        "type": "Direct",
        "requested": "[4.2.0, )",
        "resolved": "4.2.0",
        "contentHash": "oTm/iT5X/IIuJ8kNYP+DTC/MhBhqtRF5dbgPPFgLBdQv0BKzNTzXQQXd7SveBFjQg6hXEAJ2jGCAzNYvGFc9LA==",
        "dependencies": {
          "NETStandard.Library": "1.6.1",
          "SharpDX": "4.2.0",
          "SharpDX.DXGI": "4.2.0"
        }
      },
      "SharpDX.DXGI": {
        "type": "Direct",
        "requested": "[4.2.0, )",
        "resolved": "4.2.0",
        "contentHash": "UjKqkgWc8U+SP+j3LBzFP6OB6Ntapjih7Xo+g1rLcsGbIb5KwewBrBChaUu7sil8rWoeVU/k0EJd3SMN4VqNZw==",
        "dependencies": {
          "NETStandard.Library": "1.6.1",
          "SharpDX": "4.2.0"
        }
      },
      "System.Management": {
        "type": "Direct",
        "requested": "[10.0.1, )",
        "resolved": "10.0.1",
        "contentHash": "/mywt9LtfYM+QbnIPPqdES/qWWU3tkorSDHPX99KYhCTtxdjGFmLcz7QwpAAeBKU0o+rZzEcpKZlrtEr1Xq39g=="
      },
      "Microsoft.NETCore.Platforms": {
        "type": "Transitive",
        "resolved": "1.1.0",
        "contentHash": "kz0PEW2lhqygehI/d6XsPCQzD7ff7gUJaVGPVETX611eadGsA3A877GdSlU0LRVMCTH/+P3o2iDTak+S08V2+A=="
      },
      "NETStandard.Library": {
        "type": "Transitive",
        "resolved": "1.6.1",
        "contentHash": "WcSp3+vP+yHNgS8EV5J7pZ9IRpeDuARBPN28by8zqff1wJQXm26PVU8L3/fYLBJVU7BtDyqNVWq2KlCVvSSR4A==",
        "dependencies": {
          "Microsoft.NETCore.Platforms": "1.1.0"
        }
      }
    }
  }
}