{
  "version": 1,
  "dependencies": {
    "net8.0-windows7.0": {
      "DalamudPackager": {
        "type": "Direct",
        "requested": "[2.1.13, )",
        "resolved": "2.1.13",
        "contentHash": "rMN1omGe8536f4xLMvx9NwfvpAc9YFFfeXJ1t4P4PE6Gu8WCIoFliR1sh07hM+bfODmesk/dvMbji7vNI+B/pQ=="
      },
      "SharedMemory": {
        "type": "Direct",
        "requested": "[2.3.2, )",
        "resolved": "2.3.2",
        "contentHash": "hH34Y9xzvdJpgf/vwyWE/zYlY4BdQS3Zolfdg+8hV9A+UQRsBWyBS62kcLO55mF4etmMoL0PswEbT3lVXJSlFw==",
        "dependencies": {
          "System.Reflection.Emit.Lightweight": "4.7.0"
        }
      },
      "System.Drawing.Common": {
        "type": "Direct",
        "requested": "[8.0.7, )",
        "resolved": "8.0.7",
        "contentHash": "DoeBae0gZvxs3mtfoub6F1k28fSkFPzmhFuvblplKMnLYKmTMVy0j4Yxahh96KM532JzHGDxhJn1VpMKSB1pyg==",
        "dependencies": {
          "Microsoft.Win32.SystemEvents": "8.0.0"
        }
      },
      "CefSharp.Common.NETCore": {
        "type": "Transitive",
        "resolved": "126.2.70",
        "contentHash": "T3leXaL+YtUyVtID0vDdVxwV+nt2pjeBHn+rFnb3yxKxQRlGON5ZBzKpnX7CzZgfRgp58y0OQL2rWerWxrmOsw==",
        "dependencies": {
          "chromiumembeddedframework.runtime": "[126.2.7]"
        }
      },
      "CefSharp.OffScreen.NETCore": {
        "type": "Transitive",
        "resolved": "126.2.70",
        "contentHash": "xFdWAQL7AQbj+U8hBJL0AsawUqqPDVSf2aGGSxQHQ29B8SWlg29NV/r3o/dPzTEoTZG3pgrGyUfnmBbQlqF28w==",
        "dependencies": {
          "CefSharp.Common.NETCore": "[126.2.70]",
          "System.Drawing.Common": "4.7.3"
        }
      },
      "chromiumembeddedframework.runtime": {
        "type": "Transitive",
        "resolved": "126.2.7",
        "contentHash": "UWgBVuaJ79R/AgkBBjXeU0f2xeCdkB6cEY6kPjVGzTlL+CEXXRLSnrAMMq8DU9vjk7/OvPW8uXB/tBzifTuT3Q=="
      },
      "FlatSharp.Runtime": {
        "type": "Transitive",
        "resolved": "7.5.1",
        "contentHash": "R1i9CP2Kym0Vpou4gKa71N9xNque0h8H7Id75p0tan45Ki59gJpPoUg6dXssyF3LwQY5r1WkFQobwr2yegb5jQ==",
        "dependencies": {
          "System.Memory": "4.5.5"
        }
      },
      "Microsoft.Win32.SystemEvents": {
        "type": "Transitive",
        "resolved": "8.0.0",
        "contentHash": "9opKRyOKMCi2xJ7Bj7kxtZ1r9vbzosMvRrdEhVhDz8j8MoBGgB+WmC94yH839NPH+BclAjtQ/pyagvi/8gDLkw=="
      },
      "System.Memory": {
        "type": "Transitive",
        "resolved": "4.5.5",
        "contentHash": "XIWiDvKPXaTveaB7HVganDlOCRoj03l+jrwNvcge/t8vhGYKvqV+dMv6G4SAX2NoNmN0wZfVPTAlFwZcZvVOUw=="
      },
      "System.Reflection.Emit.Lightweight": {
        "type": "Transitive",
        "resolved": "4.7.0",
        "contentHash": "a4OLB4IITxAXJeV74MDx49Oq2+PsF6Sml54XAFv+2RyWwtDBcabzoxiiJRhdhx+gaohLh4hEGCLQyBozXoQPqA=="
      },
      "pictomatic.common": {
        "type": "Project",
        "dependencies": {
          "FlatSharp.Runtime": "[7.5.1, )",
          "SharedMemory": "[2.3.2, )"
        }
      },
      "pictomatic.renderer": {
        "type": "Project",
        "dependencies": {
          "CefSharp.Common.NETCore": "[126.2.70, )",
          "CefSharp.OffScreen.NETCore": "[126.2.70, )",
          "Pictomatic.Common": "[1.6.2, )",
          "SharedMemory": "[2.3.2, )"
        }
      }
    }
  }
}